
Microsoft Visual Studio Solution File, Format Version 12.00
# Visual Studio Version 16
VisualStudioVersion = 16.0.29215.179
MinimumVisualStudioVersion = 10.0.40219.1
Project("{FAE04EC0-301F-11D3-BF4B-00C04F79EFBC}") = "Basic Assertion", "Basic Assertion.csproj", "{CAA70A11-F201-45D2-85D7-127B52554259}"
EndProject
Global
	GlobalSection(SolutionConfigurationPlatforms) = preSolution
		Debug|Any CPU = Debug|Any CPU
		Release|Any CPU = Release|Any CPU
	EndGlobalSection
	GlobalSection(ProjectConfigurationPlatforms) = postSolution
		{CAA70A11-F201-45D2-85D7-127B52554259}.Debug|Any CPU.ActiveCfg = Debug|Any CPU
		{CAA70A11-F201-45D2-85D7-127B52554259}.Debug|Any CPU.Build.0 = Debug|Any CPU
		{CAA70A11-F201-45D2-85D7-127B52554259}.Release|Any CPU.ActiveCfg = Release|Any CPU
		{CAA70A11-F201-45D2-85D7-127B52554259}.Release|Any CPU.Build.0 = Release|Any CPU
	EndGlobalSection
	GlobalSection(SolutionProperties) = preSolution
		HideSolutionNode = FALSE
	EndGlobalSection
	GlobalSection(ExtensibilityGlobals) = postSolution
		SolutionGuid = {8E9A8716-468A-4A0A-879F-4FB9A3E7DB47}
	EndGlobalSection
EndGlobal
